
Microsoft Visual Studio Solution File, Format Version 12.00
# Visual Studio 2012
Project("{FAE04EC0-301F-11D3-BF4B-00C04F79EFBC}") = "SiteMonitor", "SiteMonitor\SiteMonitor.csproj", "{D27E1D8A-7B63-4858-AD01-A10A641E7FF7}"
EndProject
Project("{FAE04EC0-301F-11D3-BF4B-00C04F79EFBC}") = "SiteMonitor.Tests", "SiteMonitor.Tests\SiteMonitor.Tests.csproj", "{C8F10879-0D9B-46D1-9975-B1FF3B9941D1}"
EndProject
Project("{FAE04EC0-301F-11D3-BF4B-00C04F79EFBC}") = "WebMonitor.API", "WebMonitor.API\WebMonitor.API.csproj", "{D2D51775-611C-4330-B7E5-22DBFFA39946}"
EndProject
Global
	GlobalSection(SolutionConfigurationPlatforms) = preSolution
		Debug|Any CPU = Debug|Any CPU
		Release|Any CPU = Release|Any CPU
	EndGlobalSection
	GlobalSection(ProjectConfigurationPlatforms) = postSolution
		{C8F10879-0D9B-46D1-9975-B1FF3B9941D1}.Debug|Any CPU.ActiveCfg = Debug|Any CPU
		{C8F10879-0D9B-46D1-9975-B1FF3B9941D1}.Debug|Any CPU.Build.0 = Debug|Any CPU
		{C8F10879-0D9B-46D1-9975-B1FF3B9941D1}.Release|Any CPU.ActiveCfg = Release|Any CPU
		{C8F10879-0D9B-46D1-9975-B1FF3B9941D1}.Release|Any CPU.Build.0 = Release|Any CPU
		{D27E1D8A-7B63-4858-AD01-A10A641E7FF7}.Debug|Any CPU.ActiveCfg = Debug|Any CPU
		{D27E1D8A-7B63-4858-AD01-A10A641E7FF7}.Debug|Any CPU.Build.0 = Debug|Any CPU
		{D27E1D8A-7B63-4858-AD01-A10A641E7FF7}.Release|Any CPU.ActiveCfg = Release|Any CPU
		{D27E1D8A-7B63-4858-AD01-A10A641E7FF7}.Release|Any CPU.Build.0 = Release|Any CPU
		{D2D51775-611C-4330-B7E5-22DBFFA39946}.Debug|Any CPU.ActiveCfg = Debug|Any CPU
		{D2D51775-611C-4330-B7E5-22DBFFA39946}.Debug|Any CPU.Build.0 = Debug|Any CPU
		{D2D51775-611C-4330-B7E5-22DBFFA39946}.Release|Any CPU.ActiveCfg = Release|Any CPU
		{D2D51775-611C-4330-B7E5-22DBFFA39946}.Release|Any CPU.Build.0 = Release|Any CPU
	EndGlobalSection
	GlobalSection(SolutionProperties) = preSolution
		HideSolutionNode = FALSE
	EndGlobalSection
EndGlobal
